version = 1
revision = 3
requires-python = ">=3.12"

[[package]]
name = "colorama"
version = "0.4.6"
source = { registry = "https://pypi.org/simple" }
sdist = { url = "https://files.pythonhosted.org/packages/d8/53/6f443c9a4a8358a93a6792e2acffb9d9d5cb0a5cfd8802644b7b1c9a02e4/colorama-0.4.6.tar.gz", hash = "sha256:08695f5cb7ed6e0531a20572697297273c47b8cae5a63ffc6d6ed5c201be6e44", size = 27697, upload-time = "2022-10-25T02:36:22.414Z" }
wheels = [
    { url = "https://files.pythonhosted.org/packages/d1/d6/3965ed04c63042e047cb6a3e6ed1a63a35087b6a609aa3a15ed8ac56c221/colorama-0.4.6-py2.py3-none-any.whl", hash = "sha256:4f1d9991f5acc0ca119f9d443620b77f9d6b33703e51011c16baf57afb285fc6", size = 25335, upload-time = "2022-10-25T02:36:20.889Z" },
]

[[package]]
name = "iniconfig"
version = "2.3.0"
source = { registry = "https://pypi.org/simple" }
sdist = { url = "https://files.pythonhosted.org/packages/72/34/14ca021ce8e5dfedc35312d08ba8bf51fdd999c576889fc2c24cb97f4f10/iniconfig-2.3.0.tar.gz", hash = "sha256:c76315c77db068650d49c5b56314774a7804df16fee4402c1f19d6d15d8c4730", size = 20503, upload-time = "2025-10-18T21:55:43.219Z" }
wheels = [
    { url = "https://files.pythonhosted.org/packages/cb/b1/3846dd7f199d53cb17f49cba7e651e9ce294d8497c8c150530ed11865bb8/iniconfig-2.3.0-py3-none-any.whl", hash = "sha256:f631c04d2c48c52b84d0d0549c99ff3859c98df65b3101406327ecc7d53fbf12", size = 7484, upload-time = "2025-10-18T21:55:41.639Z" },
]

[[package]]
name = "packaging"
version = "26.2"
source = { registry = "https://pypi.org/simple" }
sdist = { url = "https://files.pythonhosted.org/packages/d7/f1/e7a6dd94a8d4a5626c03e4e99c87f241ba9e350cd9e6d75123f992427270/packaging-26.2.tar.gz", hash = "sha256:ff452ff5a3e828ce110190feff1178bb1f2ea2281fa2075aadb987c2fb221661", size = 228134, upload-time = "2026-04-24T20:15:23.917Z" }
wheels = [
    { url = "https://files.pythonhosted.org/packages/df/b2/87e62e8c3e2f4b32e5fe99e0b86d576da1312593b39f47d8ceef365e95ed/packaging-26.2-py3-none-any.whl", hash = "sha256:5fc45236b9446107ff2415ce77c807cee2862cb6fac22b8a73826d0693b0980e", size = 100195, upload-time = "2026-04-24T20:15:22.081Z" },
]

[[package]]
name = "pdftranslate"
version = "0.1.0"
source = { editable = "." }
dependencies = [
    { name = "pypdfium2" },
]

[package.dev-dependencies]
dev = [
    { name = "pytest" },
]

[package.metadata]
requires-dist = [{ name = "pypdfium2", specifier = ">=5.0.0" }]

[package.metadata.requires-dev]
dev = [{ name = "pytest", specifier = ">=9.0.0" }]

[[package]]
name = "pluggy"
version = "1.6.0"
source = { registry = "https://pypi.org/simple" }
sdist = { url = "https://files.pythonhosted.org/packages/f9/e2/3e91f31a7d2b083fe6ef3fa267035b518369d9511ffab804f839851d2779/pluggy-1.6.0.tar.gz", hash = "sha256:7dcc130b76258d33b90f61b658791dede3486c3e6bfb003ee5c9bfb396dd22f3", size = 69412, upload-time = "2025-05-15T12:30:07.975Z" }
wheels = [
    { url = "https://files.pythonhosted.org/packages/54/20/4d324d65cc6d9205fabedc306948156824eb9f0ee1633355a8f7ec5c66bf/pluggy-1.6.0-py3-none-any.whl", hash = "sha256:e920276dd6813095e9377c0bc5566d94c932c33b27a3e3945d8389c374dd4746", size = 20538, upload-time = "2025-05-15T12:30:06.134Z" },
]

[[package]]
name = "pygments"
version = "2.20.0"
source = { registry = "https://pypi.org/simple" }
sdist = { url = "https://files.pythonhosted.org/packages/c3/b2/bc9c9196916376152d655522fdcebac55e66de6603a76a02bca1b6414f6c/pygments-2.20.0.tar.gz", hash = "sha256:6757cd03768053ff99f3039c1a36d6c0aa0b263438fcab17520b30a303a82b5f", size = 4955991, upload-time = "2026-03-29T13:29:33.898Z" }
wheels = [
    { url = "https://files.pythonhosted.org/packages/f4/7e/a72dd26f3b0f4f2bf1dd8923c85f7ceb43172af56d63c7383eb62b332364/pygments-2.20.0-py3-none-any.whl", hash = "sha256:81a9e26dd42fd28a23a2d169d86d7ac03b46e2f8b59ed4698fb4785f946d0176", size = 1231151, upload-time = "2026-03-29T13:29:30.038Z" },
]

[[package]]
name = "pypdfium2"
version = "5.7.1"
source = { registry = "https://pypi.org/simple" }
sdist = { url = "https://files.pythonhosted.org/packages/bc/13/ee794b8a810b7226426c8b50d6c28637c059e7da0caf9936164f352ef858/pypdfium2-5.7.1.tar.gz", hash = "sha256:3b3b20a56048dbe3fd4bf397f9bec854c834668bc47ef6a7d9041b23bb04317b", size = 266791, upload-time = "2026-04-20T15:01:02.598Z" }
wheels = [
    { url = "https://files.pythonhosted.org/packages/d6/f7/e87ba0eec9cd4e9eedd4bbb867515da970525ca8c105dd5e254758216ee3/pypdfium2-5.7.1-py3-none-android_23_arm64_v8a.whl", hash = "sha256:8008f45e8adc4fc1ec2a51e018e01cd0692d4859bdbb28e88be221804f329468", size = 3367033, upload-time = "2026-04-20T15:00:22.847Z" },
    { url = "https://files.pythonhosted.org/packages/f6/e1/a4b9be9a09fa9857958357ced51afb25518f6a48e4e68fdc9a091f0f2259/pypdfium2-5.7.1-py3-none-android_23_armeabi_v7a.whl", hash = "sha256:892fcb5a618f5f551fffdb968ac2d64911953c3ba0f9aa628239705af68dbe15", size = 2824449, upload-time = "2026-04-20T15:00:24.913Z" },
    { url = "https://files.pythonhosted.org/packages/7b/5d/c91abb2610316a1622f86ddf706fcd04d34c7e6923c3fa8fa145c8f7a372/pypdfium2-5.7.1-py3-none-macosx_11_0_arm64.whl", hash = "sha256:7431847d45dedc3c7ffede15b58ac611e996a0cdcd61318a0190d46b9980ac2b", size = 3443730, upload-time = "2026-04-20T15:00:26.664Z" },
    { url = "https://files.pythonhosted.org/packages/50/8b/b9eefed83d6a0a59384ee64d25c1515e831c234c3ed6b8c6dfc8f99f4875/pypdfium2-5.7.1-py3-none-macosx_11_0_x86_64.whl", hash = "sha256:548bd09c9f97565ae8ddba30bb65823cbf791b84e4cdb63ed582aec2c289dbe2", size = 3626483, upload-time = "2026-04-20T15:00:28.629Z" },
    { url = "https://files.pythonhosted.org/packages/5b/98/6d62723e1f58d66e7e0073c4f12048f9d5dcd478369da0990db08e677dd5/pypdfium2-5.7.1-py3-none-manylinux_2_17_aarch64.manylinux2014_aarch64.whl", hash = "sha256:18a15ad0918acc3ea98778394f0331b9ad2a1b7384ab3d8d8c63422ffd01ed13", size = 3610098, upload-time = "2026-04-20T15:00:30.344Z" },
    { url = "https://files.pythonhosted.org/packages/0b/4a/f72b42578f30971c29915e33ee598ed451aa6f0c2808a71526c1b81afd8d/pypdfium2-5.7.1-py3-none-manylinux_2_17_armv7l.manylinux2014_armv7l.whl", hash = "sha256:1df04564659d807fb38810d9bd1ac18419d8acbb5f87f2cb20675d7332635b18", size = 3340119, upload-time = "2026-04-20T15:00:32.19Z" },
    { url = "https://files.pythonhosted.org/packages/0d/64/de69c5feed470617f243e61cac841bfd1b5273d575c3d3b49b27f738e334/pypdfium2-5.7.1-py3-none-manylinux_2_17_i686.manylinux2014_i686.whl", hash = "sha256:5a146d036a6b085a406aa256548b827b63016714fd77f8e11b7f704c1175e8cc", size = 3738864, upload-time = "2026-04-20T15:00:33.798Z" },
    { url = "https://files.pythonhosted.org/packages/07/ce/69ff10766565c5ffcb66cebe780ce3bc4fe7cc16b218df8c240075881c66/pypdfium2-5.7.1-py3-none-manylinux_2_17_ppc64le.manylinux2014_ppc64le.whl", hash = "sha256:3397b0d705b6858c87dec1dc9c44d4c7094601a9b231097f441b64d1a7d5ff0b", size = 4169839, upload-time = "2026-04-20T15:00:35.973Z" },
    { url = "https://files.pythonhosted.org/packages/03/4b/fff16a831a6f07aad02da0d02b620c455310b8bf4e2642909175dcb7ccae/pypdfium2-5.7.1-py3-none-manylinux_2_17_x86_64.manylinux2014_x86_64.whl", hash = "sha256:fc2cdf603ac766b91b7c1b455197ec1c3471089d75f999b046edb65ed6cedd80", size = 3657630, upload-time = "2026-04-20T15:00:38.407Z" },
    { url = "https://files.pythonhosted.org/packages/9b/58/d3148917616164cfad347b0b509342737ed80e060afab07523ffeac2a05f/pypdfium2-5.7.1-py3-none-manylinux_2_27_s390x.manylinux_2_28_s390x.whl", hash = "sha256:1b1a6a5f3320b59138e7570a3f78840540383d058ac180a9a21f924ad3bd7f83", size = 3088898, upload-time = "2026-04-20T15:00:40.109Z" },
    { url = "https://files.pythonhosted.org/packages/e4/1d/387ca4dfe9865a8d61114dae2debba4d86eed07cdc6a31c5527a049583be/pypdfium2-5.7.1-py3-none-manylinux_2_38_riscv64.manylinux_2_39_riscv64.whl", hash = "sha256:91b809c40a5fc248107d13fbcf1dd2c64dbc8e572693a9b93e350bf31efda92b", size = 2955404, upload-time = "2026-04-20T15:00:41.921Z" },
    { url = "https://files.pythonhosted.org/packages/ad/87/4afc2bfe35d71942f1bf9e774086f74af66a0a4e56338f39a7cbc5b8721c/pypdfium2-5.7.1-py3-none-musllinux_1_2_aarch64.whl", hash = "sha256:85611ef61cbc0f5e04de8f99fec0f3db3920b09f46c62afa08c9caa21a74b353", size = 4126600, upload-time = "2026-04-20T15:00:44.079Z" },
    { url = "https://files.pythonhosted.org/packages/b1/c4/872eef4cb8f0d8ebbf967ca713254ac71c75878a1d5798bc2b8d23104e52/pypdfium2-5.7.1-py3-none-musllinux_1_2_armv7l.whl", hash = "sha256:b2764ab909f9b444d4e643be90b064c4053e6828c28bfd47639fc84526ba244d", size = 3742636, upload-time = "2026-04-20T15:00:46.009Z" },
    { url = "https://files.pythonhosted.org/packages/10/6d/3805a53623a72e20b68e6814b37582994298b231628656ff227fa1158a1f/pypdfium2-5.7.1-py3-none-musllinux_1_2_i686.whl", hash = "sha256:fcea3cc20b7cca7d84ceee68b9c6ef7fe773fb71c145542769dc2ceb27e9698a", size = 4332743, upload-time = "2026-04-20T15:00:47.829Z" },
    { url = "https://files.pythonhosted.org/packages/92/61/3e3f8ae7ad04400bc3c6a75bbf59db500eaf9dff05477d1b25ff4a36363b/pypdfium2-5.7.1-py3-none-musllinux_1_2_ppc64le.whl", hash = "sha256:f04546bc314973397148805d44f8e660e81aa80c2a87e12afb892c11493ded6c", size = 4377471, upload-time = "2026-04-20T15:00:49.443Z" },
    { url = "https://files.pythonhosted.org/packages/8d/e0/1026f297b5be292cae7095aa4814d57faa3faba0b49552afcaa11a1c2e4e/pypdfium2-5.7.1-py3-none-musllinux_1_2_riscv64.whl", hash = "sha256:66275c8a854969bdf905abc7599e5623d62739c44604d69788ff5457082d275b", size = 3919215, upload-time = "2026-04-20T15:00:51.2Z" },
    { url = "https://files.pythonhosted.org/packages/e8/5d/7d6d5b392fa42a997aadf127e3b2c25739199141054b33f759ba5d02e653/pypdfium2-5.7.1-py3-none-musllinux_1_2_s390x.whl", hash = "sha256:bbed8f32040ce3b3236a512265976017c2465ea6643a1730f008b39e0339b8ce", size = 4263089, upload-time = "2026-04-20T15:00:53.105Z" },
    { url = "https://files.pythonhosted.org/packages/2e/b8/d51bd4a1d426fa5b99d4516c77cc1892a8fbfd5a93a823e2679cf9b09ee0/pypdfium2-5.7.1-py3-none-musllinux_1_2_x86_64.whl", hash = "sha256:c55d3df09bd0d72a1d192107dcbf80bcb2791662a3eca3b084001f947d3040d5", size = 4175967, upload-time = "2026-04-20T15:00:54.757Z" },
    { url = "https://files.pythonhosted.org/packages/30/52/06a6358856374ae4400ee1ad0ddaa01d5c31fcd6e8f4577e6a3ed1c40343/pypdfium2-5.7.1-py3-none-win32.whl", hash = "sha256:4f6bbe1211c5883c8fc9ce11008347e5b96ec6571456d959ae289cecdb2867f0", size = 3629154, upload-time = "2026-04-20T15:00:56.916Z" },
    { url = "https://files.pythonhosted.org/packages/6f/13/e0dbc9377d976d8b03ed0dd07fe9892e06d09fcf4f6a0e66df49366227d7/pypdfium2-5.7.1-py3-none-win_amd64.whl", hash = "sha256:fdf117af26bd310f4f176b3cf0e2e23f0f800e48dcf2bcf6c2cca0de3326f5cb", size = 3747295, upload-time = "2026-04-20T15:00:59.15Z" },
    { url = "https://files.pythonhosted.org/packages/bc/67/4759522f5bca0ac4cda9f42c7f3f818aa826568793bd8b4532d2d2ffa515/pypdfium2-5.7.1-py3-none-win_arm64.whl", hash = "sha256:622821698fcc30fc560bd4eead6df9e6b846de9876b82861bed0091c09a4c27b", size = 3540903, upload-time = "2026-04-20T15:01:00.994Z" },
]

[[package]]
name = "pytest"
version = "9.0.3"
source = { registry = "https://pypi.org/simple" }
dependencies = [
    { name = "colorama", marker = "sys_platform == 'win32'" },
    { name = "iniconfig" },
    { name = "packaging" },
    { name = "pluggy" },
    { name = "pygments" },
]
sdist = { url = "https://files.pythonhosted.org/packages/7d/0d/549bd94f1a0a402dc8cf64563a117c0f3765662e2e668477624baeec44d5/pytest-9.0.3.tar.gz", hash = "sha256:b86ada508af81d19edeb213c681b1d48246c1a91d304c6c81a427674c17eb91c", size = 1572165, upload-time = "2026-04-07T17:16:18.027Z" }
wheels = [
    { url = "https://files.pythonhosted.org/packages/d4/24/a372aaf5c9b7208e7112038812994107bc65a84cd00e0354a88c2c77a617/pytest-9.0.3-py3-none-any.whl", hash = "sha256:2c5efc453d45394fdd706ade797c0a81091eccd1d6e4bccfcd476e2b8e0ab5d9", size = 375249, upload-time = "2026-04-07T17:16:16.13Z" },
]
